
Microsoft Visual Studio Solution File, Format Version 12.00
# Visual Studio Version 16
VisualStudioVersion = 16.0.30204.135
MinimumVisualStudioVersion = 10.0.40219.1
Project("{FAE04EC0-301F-11D3-BF4B-00C04F79EFBC}") = "EdDbApplication", "EdDbApplication\EdDbApplication.csproj", "{F26EF1B6-6848-4093-9BCF-B96E1C121951}"
EndProject
Project("{FAE04EC0-301F-11D3-BF4B-00C04F79EFBC}") = "EdDbLib", "EdDbLib\EdDbLib.csproj", "{4AC75BF7-62FF-47F2-9608-FFB1D44828A8}"
EndProject
Global
	GlobalSection(SolutionConfigurationPlatforms) = preSolution
		Debug|Any CPU = Debug|Any CPU
		Release|Any CPU = Release|Any CPU
	EndGlobalSection
	GlobalSection(ProjectConfigurationPlatforms) = postSolution
		{F26EF1B6-6848-4093-9BCF-B96E1C121951}.Debug|Any CPU.ActiveCfg = Debug|Any CPU
		{F26EF1B6-6848-4093-9BCF-B96E1C121951}.Debug|Any CPU.Build.0 = Debug|Any CPU
		{F26EF1B6-6848-4093-9BCF-B96E1C121951}.Release|Any CPU.ActiveCfg = Release|Any CPU
		{F26EF1B6-6848-4093-9BCF-B96E1C121951}.Release|Any CPU.Build.0 = Release|Any CPU
		{4AC75BF7-62FF-47F2-9608-FFB1D44828A8}.Debug|Any CPU.ActiveCfg = Debug|Any CPU
		{4AC75BF7-62FF-47F2-9608-FFB1D44828A8}.Debug|Any CPU.Build.0 = Debug|Any CPU
		{4AC75BF7-62FF-47F2-9608-FFB1D44828A8}.Release|Any CPU.ActiveCfg = Release|Any CPU
		{4AC75BF7-62FF-47F2-9608-FFB1D44828A8}.Release|Any CPU.Build.0 = Release|Any CPU
	EndGlobalSection
	GlobalSection(SolutionProperties) = preSolution
		HideSolutionNode = FALSE
	EndGlobalSection
	GlobalSection(ExtensibilityGlobals) = postSolution
		SolutionGuid = {E1E966E3-2AC1-448D-B219-69B4DCC3ED0B}
	EndGlobalSection
EndGlobal
